// !$*UTF8*$!
{
	archiveVersion = 1;
	classes = {
	};
	objectVersion = 46;
	objects = {

/* Begin PBXBuildFile section */
		643C2F0B1DB17B5200921DAC /* Assets.xcassets in Resources */ = {isa = PBXBuildFile; fileRef = 643C2EDD1DB17B5200921DAC /* Assets.xcassets */; };
		643C2F0C1DB17B5200921DAC /* CountryCell.xib in Resources */ = {isa = PBXBuildFile; fileRef = 643C2EDE1DB17B5200921DAC /* CountryCell.xib */; };
		643C2F0D1DB17B5200921DAC /* LaunchScreen.storyboard in Resources */ = {isa = PBXBuildFile; fileRef = 643C2EE01DB17B5200921DAC /* LaunchScreen.storyboard */; };
		643C2F0E1DB17B5200921DAC /* Main.storyboard in Resources */ = {isa = PBXBuildFile; fileRef = 643C2EE21DB17B5200921DAC /* Main.storyboard */; };
		643C2F0F1DB17B5200921DAC /* DInjection.swift in Sources */ = {isa = PBXBuildFile; fileRef = 643C2EE51DB17B5200921DAC /* DInjection.swift */; };
		643C2F101DB17B5200921DAC /* ExchangeInteractor.swift in Sources */ = {isa = PBXBuildFile; fileRef = 643C2EE81DB17B5200921DAC /* ExchangeInteractor.swift */; };
		643C2F111DB17B5200921DAC /* RedditModel.swift in Sources */ = {isa = PBXBuildFile; fileRef = 643C2EEA1DB17B5200921DAC /* RedditModel.swift */; };
		643C2F121DB17B5200921DAC /* ExchangeDatasource.swift in Sources */ = {isa = PBXBuildFile; fileRef = 643C2EEC1DB17B5200921DAC /* ExchangeDatasource.swift */; };
		643C2F131DB17B5200921DAC /* CountryCell.swift in Sources */ = {isa = PBXBuildFile; fileRef = 643C2EEE1DB17B5200921DAC /* CountryCell.swift */; };
		643C2F141DB17B5200921DAC /* ModelTable.swift in Sources */ = {isa = PBXBuildFile; fileRef = 643C2EEF1DB17B5200921DAC /* ModelTable.swift */; };
		643C2F151DB17B5200921DAC /* ExchangePresenter.swift in Sources */ = {isa = PBXBuildFile; fileRef = 643C2EF11DB17B5200921DAC /* ExchangePresenter.swift */; };
		643C2F161DB17B5200921DAC /* ExchangeVC.swift in Sources */ = {isa = PBXBuildFile; fileRef = 643C2EF41DB17B5200921DAC /* ExchangeVC.swift */; };
		643C2F171DB17B5200921DAC /* KozGoPr6N-Bold.otf in Resources */ = {isa = PBXBuildFile; fileRef = 643C2EF61DB17B5200921DAC /* KozGoPr6N-Bold.otf */; };
		643C2F181DB17B5200921DAC /* KozGoPr6N-Heavy.otf in Resources */ = {isa = PBXBuildFile; fileRef = 643C2EF71DB17B5200921DAC /* KozGoPr6N-Heavy.otf */; };
		643C2F191DB17B5200921DAC /* KozGoPr6N-Light.otf in Resources */ = {isa = PBXBuildFile; fileRef = 643C2EF81DB17B5200921DAC /* KozGoPr6N-Light.otf */; };
		643C2F1A1DB17B5200921DAC /* KozGoPr6N-Medium.otf in Resources */ = {isa = PBXBuildFile; fileRef = 643C2EF91DB17B5200921DAC /* KozGoPr6N-Medium.otf */; };
		643C2F1B1DB17B5200921DAC /* KozGoPr6N-Regular.otf in Resources */ = {isa = PBXBuildFile; fileRef = 643C2EFA1DB17B5200921DAC /* KozGoPr6N-Regular.otf */; };
		643C2F1C1DB17B5200921DAC /* Alias.swift in Sources */ = {isa = PBXBuildFile; fileRef = 643C2EFC1DB17B5200921DAC /* Alias.swift */; };
		643C2F1D1DB17B5200921DAC /* Constans.swift in Sources */ = {isa = PBXBuildFile; fileRef = 643C2EFD1DB17B5200921DAC /* Constans.swift */; };
		643C2F1E1DB17B5200921DAC /* URL.swift in Sources */ = {isa = PBXBuildFile; fileRef = 643C2EFE1DB17B5200921DAC /* URL.swift */; };
		643C2F1F1DB17B5200921DAC /* Info.plist in Resources */ = {isa = PBXBuildFile; fileRef = 643C2EFF1DB17B5200921DAC /* Info.plist */; };
		643C2F201DB17B5200921DAC /* LocalData.swift in Sources */ = {isa = PBXBuildFile; fileRef = 643C2F011DB17B5200921DAC /* LocalData.swift */; };
		643C2F211DB17B5200921DAC /* AppDelegate.swift in Sources */ = {isa = PBXBuildFile; fileRef = 643C2F031DB17B5200921DAC /* AppDelegate.swift */; };
		643C2F221DB17B5200921DAC /* ViewController.swift in Sources */ = {isa = PBXBuildFile; fileRef = 643C2F041DB17B5200921DAC /* ViewController.swift */; };
		643C2F231DB17B5200921DAC /* Colors.swift in Sources */ = {isa = PBXBuildFile; fileRef = 643C2F061DB17B5200921DAC /* Colors.swift */; };
		643C2F241DB17B5200921DAC /* Date.swift in Sources */ = {isa = PBXBuildFile; fileRef = 643C2F071DB17B5200921DAC /* Date.swift */; };
		643C2F251DB17B5200921DAC /* Fonts.swift in Sources */ = {isa = PBXBuildFile; fileRef = 643C2F081DB17B5200921DAC /* Fonts.swift */; };
		643C2F261DB17B5200921DAC /* Request.swift in Sources */ = {isa = PBXBuildFile; fileRef = 643C2F0A1DB17B5200921DAC /* Request.swift */; };
		E5DE43BA0CDFB49F37EBFBD7 /* Pods_ETReddit.framework in Frameworks */ = {isa = PBXBuildFile; fileRef = BE974412F23703DE18D98EF2 /* Pods_ETReddit.framework */; };
/* End PBXBuildFile section */

/* Begin PBXFileReference section */
		643C2EDD1DB17B5200921DAC /* Assets.xcassets */ = {isa = PBXFileReference; lastKnownFileType = folder.assetcatalog; path = Assets.xcassets; sourceTree = "<group>"; };
		643C2EDF1DB17B5200921DAC /* Base */ = {isa = PBXFileReference; lastKnownFileType = file.xib; name = Base; path = Base.lproj/CountryCell.xib; sourceTree = "<group>"; };
		643C2EE11DB17B5200921DAC /* Base */ = {isa = PBXFileReference; lastKnownFileType = file.storyboard; name = Base; path = Base.lproj/LaunchScreen.storyboard; sourceTree = "<group>"; };
		643C2EE31DB17B5200921DAC /* Base */ = {isa = PBXFileReference; lastKnownFileType = file.storyboard; name = Base; path = Base.lproj/Main.storyboard; sourceTree = "<group>"; };
		643C2EE51DB17B5200921DAC /* DInjection.swift */ = {isa = PBXFileReference; fileEncoding = 4; lastKnownFileType = sourcecode.swift; path = DInjection.swift; sourceTree = "<group>"; };
		643C2EE81DB17B5200921DAC /* ExchangeInteractor.swift */ = {isa = PBXFileReference; fileEncoding = 4; lastKnownFileType = sourcecode.swift; path = ExchangeInteractor.swift; sourceTree = "<group>"; };
		643C2EEA1DB17B5200921DAC /* RedditModel.swift */ = {isa = PBXFileReference; fileEncoding = 4; lastKnownFileType = sourcecode.swift; path = RedditModel.swift; sourceTree = "<group>"; };
		643C2EEC1DB17B5200921DAC /* ExchangeDatasource.swift */ = {isa = PBXFileReference; fileEncoding = 4; lastKnownFileType = sourcecode.swift; path = ExchangeDatasource.swift; sourceTree = "<group>"; };
		643C2EEE1DB17B5200921DAC /* CountryCell.swift */ = {isa = PBXFileReference; fileEncoding = 4; lastKnownFileType = sourcecode.swift; path = CountryCell.swift; sourceTree = "<group>"; };
		643C2EEF1DB17B5200921DAC /* ModelTable.swift */ = {isa = PBXFileReference; fileEncoding = 4; lastKnownFileType = sourcecode.swift; path = ModelTable.swift; sourceTree = "<group>"; };
		643C2EF11DB17B5200921DAC /* ExchangePresenter.swift */ = {isa = PBXFileReference; fileEncoding = 4; lastKnownFileType = sourcecode.swift; path = ExchangePresenter.swift; sourceTree = "<group>"; };
		643C2EF41DB17B5200921DAC /* ExchangeVC.swift */ = {isa = PBXFileReference; fileEncoding = 4; lastKnownFileType = sourcecode.swift; path = ExchangeVC.swift; sourceTree = "<group>"; };
		643C2EF61DB17B5200921DAC /* KozGoPr6N-Bold.otf */ = {isa = PBXFileReference; lastKnownFileType = file; path = "KozGoPr6N-Bold.otf"; sourceTree = "<group>"; };
		643C2EF71DB17B5200921DAC /* KozGoPr6N-Heavy.otf */ = {isa = PBXFileReference; lastKnownFileType = file; path = "KozGoPr6N-Heavy.otf"; sourceTree = "<group>"; };
		643C2EF81DB17B5200921DAC /* KozGoPr6N-Light.otf */ = {isa = PBXFileReference; lastKnownFileType = file; path = "KozGoPr6N-Light.otf"; sourceTree = "<group>"; };
		643C2EF91DB17B5200921DAC /* KozGoPr6N-Medium.otf */ = {isa = PBXFileReference; lastKnownFileType = file; path = "KozGoPr6N-Medium.otf"; sourceTree = "<group>"; };
		643C2EFA1DB17B5200921DAC /* KozGoPr6N-Regular.otf */ = {isa = PBXFileReference; lastKnownFileType = file; path = "KozGoPr6N-Regular.otf"; sourceTree = "<group>"; };
		643C2EFC1DB17B5200921DAC /* Alias.swift */ = {isa = PBXFileReference; fileEncoding = 4; lastKnownFileType = sourcecode.swift; path = Alias.swift; sourceTree = "<group>"; };
		643C2EFD1DB17B5200921DAC /* Constans.swift */ = {isa = PBXFileReference; fileEncoding = 4; lastKnownFileType = sourcecode.swift; path = Constans.swift; sourceTree = "<group>"; };
		643C2EFE1DB17B5200921DAC /* URL.swift */ = {isa = PBXFileReference; fileEncoding = 4; lastKnownFileType = sourcecode.swift; path = URL.swift; sourceTree = "<group>"; };
		643C2EFF1DB17B5200921DAC /* Info.plist */ = {isa = PBXFileReference; fileEncoding = 4; lastKnownFileType = text.plist.xml; path = Info.plist; sourceTree = "<group>"; };
		643C2F011DB17B5200921DAC /* LocalData.swift */ = {isa = PBXFileReference; fileEncoding = 4; lastKnownFileType = sourcecode.swift; path = LocalData.swift; sourceTree = "<group>"; };
		643C2F031DB17B5200921DAC /* AppDelegate.swift */ = {isa = PBXFileReference; fileEncoding = 4; lastKnownFileType = sourcecode.swift; path = AppDelegate.swift; sourceTree = "<group>"; };
		643C2F041DB17B5200921DAC /* ViewController.swift */ = {isa = PBXFileReference; fileEncoding = 4; lastKnownFileType = sourcecode.swift; path = ViewController.swift; sourceTree = "<group>"; };
		643C2F061DB17B5200921DAC /* Colors.swift */ = {isa = PBXFileReference; fileEncoding = 4; lastKnownFileType = sourcecode.swift; path = Colors.swift; sourceTree = "<group>"; };
		643C2F071DB17B5200921DAC /* Date.swift */ = {isa = PBXFileReference; fileEncoding = 4; lastKnownFileType = sourcecode.swift; path = Date.swift; sourceTree = "<group>"; };
		643C2F081DB17B5200921DAC /* Fonts.swift */ = {isa = PBXFileReference; fileEncoding = 4; lastKnownFileType = sourcecode.swift; path = Fonts.swift; sourceTree = "<group>"; };
		643C2F0A1DB17B5200921DAC /* Request.swift */ = {isa = PBXFileReference; fileEncoding = 4; lastKnownFileType = sourcecode.swift; path = Request.swift; sourceTree = "<group>"; };
		649E1D211D611A11009F75C8 /* ETReddit.app */ = {isa = PBXFileReference; explicitFileType = wrapper.application; includeInIndex = 0; path = ETReddit.app; sourceTree = BUILT_PRODUCTS_DIR; };
		B7A9A0E27E13F4C1B99F8064 /* Pods-ETReddit.debug.xcconfig */ = {isa = PBXFileReference; includeInIndex = 1; lastKnownFileType = text.xcconfig; name = "Pods-ETReddit.debug.xcconfig"; path = "Pods/Target Support Files/Pods-ETReddit/Pods-ETReddit.debug.xcconfig"; sourceTree = "<group>"; };
		BE974412F23703DE18D98EF2 /* Pods_ETReddit.framework */ = {isa = PBXFileReference; explicitFileType = wrapper.framework; includeInIndex = 0; path = Pods_ETReddit.framework; sourceTree = BUILT_PRODUCTS_DIR; };
		F5B0B8A56D73FFE1F42A3C7E /* Pods-ETReddit.release.xcconfig */ = {isa = PBXFileReference; includeInIndex = 1; lastKnownFileType = text.xcconfig; name = "Pods-ETReddit.release.xcconfig"; path = "Pods/Target Support Files/Pods-ETReddit/Pods-ETReddit.release.xcconfig"; sourceTree = "<group>"; };
/* End PBXFileReference section */

/* Begin PBXFrameworksBuildPhase section */
		649E1D1E1D611A11009F75C8 /* Frameworks */ = {
			isa = PBXFrameworksBuildPhase;
			buildActionMask = 2147483647;
			files = (
				E5DE43BA0CDFB49F37EBFBD7 /* Pods_ETReddit.framework in Frameworks */,
			);
			runOnlyForDeploymentPostprocessing = 0;
		};
/* End PBXFrameworksBuildPhase section */

/* Begin PBXGroup section */
		17EBEAC9CF80A41149762242 /* Pods */ = {
			isa = PBXGroup;
			children = (
				B7A9A0E27E13F4C1B99F8064 /* Pods-ETReddit.debug.xcconfig */,
				F5B0B8A56D73FFE1F42A3C7E /* Pods-ETReddit.release.xcconfig */,
			);
			name = Pods;
			sourceTree = "<group>";
		};
		643C2EDC1DB17B5200921DAC /* Etermax */ = {
			isa = PBXGroup;
			children = (
				643C2EDD1DB17B5200921DAC /* Assets.xcassets */,
				643C2EDE1DB17B5200921DAC /* CountryCell.xib */,
				643C2EE01DB17B5200921DAC /* LaunchScreen.storyboard */,
				643C2EE21DB17B5200921DAC /* Main.storyboard */,
				643C2EE41DB17B5200921DAC /* DInjection */,
				643C2EE61DB17B5200921DAC /* Exchanger */,
				643C2EF51DB17B5200921DAC /* Fonts */,
				643C2EFB1DB17B5200921DAC /* Global */,
				643C2EFF1DB17B5200921DAC /* Info.plist */,
				643C2F001DB17B5200921DAC /* Local */,
				643C2F021DB17B5200921DAC /* Main */,
				643C2F051DB17B5200921DAC /* Others */,
				643C2F091DB17B5200921DAC /* Request */,
			);
			path = Etermax;
			sourceTree = "<group>";
		};
		643C2EE41DB17B5200921DAC /* DInjection */ = {
			isa = PBXGroup;
			children = (
				643C2EE51DB17B5200921DAC /* DInjection.swift */,
			);
			path = DInjection;
			sourceTree = "<group>";
		};
		643C2EE61DB17B5200921DAC /* Exchanger */ = {
			isa = PBXGroup;
			children = (
				643C2EE71DB17B5200921DAC /* DataSource */,
				643C2EE91DB17B5200921DAC /* Entity */,
				643C2EEB1DB17B5200921DAC /* Interactor */,
				643C2EED1DB17B5200921DAC /* Other */,
				643C2EF01DB17B5200921DAC /* Presenter */,
				643C2EF21DB17B5200921DAC /* Router */,
				643C2EF31DB17B5200921DAC /* View */,
			);
			path = Exchanger;
			sourceTree = "<group>";
		};
		643C2EE71DB17B5200921DAC /* DataSource */ = {
			isa = PBXGroup;
			children = (
				643C2EE81DB17B5200921DAC /* ExchangeInteractor.swift */,
			);
			path = DataSource;
			sourceTree = "<group>";
		};
		643C2EE91DB17B5200921DAC /* Entity */ = {
			isa = PBXGroup;
			children = (
				643C2EEA1DB17B5200921DAC /* RedditModel.swift */,
			);
			path = Entity;
			sourceTree = "<group>";
		};
		643C2EEB1DB17B5200921DAC /* Interactor */ = {
			isa = PBXGroup;
			children = (
				643C2EEC1DB17B5200921DAC /* ExchangeDatasource.swift */,
			);
			path = Interactor;
			sourceTree = "<group>";
		};
		643C2EED1DB17B5200921DAC /* Other */ = {
			isa = PBXGroup;
			children = (
				643C2EEE1DB17B5200921DAC /* CountryCell.swift */,
				643C2EEF1DB17B5200921DAC /* ModelTable.swift */,
			);
			path = Other;
			sourceTree = "<group>";
		};
		643C2EF01DB17B5200921DAC /* Presenter */ = {
			isa = PBXGroup;
			children = (
				643C2EF11DB17B5200921DAC /* ExchangePresenter.swift */,
			);
			path = Presenter;
			sourceTree = "<group>";
		};
		643C2EF21DB17B5200921DAC /* Router */ = {
			isa = PBXGroup;
			children = (
			);
			path = Router;
			sourceTree = "<group>";
		};
		643C2EF31DB17B5200921DAC /* View */ = {
			isa = PBXGroup;
			children = (
				643C2EF41DB17B5200921DAC /* ExchangeVC.swift */,
			);
			path = View;
			sourceTree = "<group>";
		};
		643C2EF51DB17B5200921DAC /* Fonts */ = {
			isa = PBXGroup;
			children = (
				643C2EF61DB17B5200921DAC /* KozGoPr6N-Bold.otf */,
				643C2EF71DB17B5200921DAC /* KozGoPr6N-Heavy.otf */,
				643C2EF81DB17B5200921DAC /* KozGoPr6N-Light.otf */,
				643C2EF91DB17B5200921DAC /* KozGoPr6N-Medium.otf */,
				643C2EFA1DB17B5200921DAC /* KozGoPr6N-Regular.otf */,
			);
			path = Fonts;
			sourceTree = "<group>";
		};
		643C2EFB1DB17B5200921DAC /* Global */ = {
			isa = PBXGroup;
			children = (
				643C2EFC1DB17B5200921DAC /* Alias.swift */,
				643C2EFD1DB17B5200921DAC /* Constans.swift */,
				643C2EFE1DB17B5200921DAC /* URL.swift */,
			);
			path = Global;
			sourceTree = "<group>";
		};
		643C2F001DB17B5200921DAC /* Local */ = {
			isa = PBXGroup;
			children = (
				643C2F011DB17B5200921DAC /* LocalData.swift */,
			);
			path = Local;
			sourceTree = "<group>";
		};
		643C2F021DB17B5200921DAC /* Main */ = {
			isa = PBXGroup;
			children = (
				643C2F031DB17B5200921DAC /* AppDelegate.swift */,
				643C2F041DB17B5200921DAC /* ViewController.swift */,
			);
			path = Main;
			sourceTree = "<group>";
		};
		643C2F051DB17B5200921DAC /* Others */ = {
			isa = PBXGroup;
			children = (
				643C2F061DB17B5200921DAC /* Colors.swift */,
				643C2F071DB17B5200921DAC /* Date.swift */,
				643C2F081DB17B5200921DAC /* Fonts.swift */,
			);
			path = Others;
			sourceTree = "<group>";
		};
		643C2F091DB17B5200921DAC /* Request */ = {
			isa = PBXGroup;
			children = (
				643C2F0A1DB17B5200921DAC /* Request.swift */,
			);
			path = Request;
			sourceTree = "<group>";
		};
		649E1D181D611A11009F75C8 = {
			isa = PBXGroup;
			children = (
				643C2EDC1DB17B5200921DAC /* Etermax */,
				649E1D221D611A11009F75C8 /* Products */,
				17EBEAC9CF80A41149762242 /* Pods */,
				EA3951B3F26F7D6DC1F84D7F /* Frameworks */,
			);
			sourceTree = "<group>";
		};
		649E1D221D611A11009F75C8 /* Products */ = {
			isa = PBXGroup;
			children = (
				649E1D211D611A11009F75C8 /* ETReddit.app */,
			);
			name = Products;
			sourceTree = "<group>";
		};
		EA3951B3F26F7D6DC1F84D7F /* Frameworks */ = {
			isa = PBXGroup;
			children = (
				BE974412F23703DE18D98EF2 /* Pods_ETReddit.framework */,
			);
			name = Frameworks;
			sourceTree = "<group>";
		};
/* End PBXGroup section */

/* Begin PBXNativeTarget section */
		649E1D201D611A11009F75C8 /* ETReddit */ = {
			isa = PBXNativeTarget;
			buildConfigurationList = 649E1D331D611A11009F75C8 /* Build configuration list for PBXNativeTarget "ETReddit" */;
			buildPhases = (
				91520A90A8104B1B4B3F66C5 /* [CP] Check Pods Manifest.lock */,
				649E1D1D1D611A11009F75C8 /* Sources */,
				649E1D1E1D611A11009F75C8 /* Frameworks */,
				649E1D1F1D611A11009F75C8 /* Resources */,
				E720E7C0436FDCCEE9CAB71E /* [CP] Embed Pods Frameworks */,
				630081B21AC454AC0A1650E9 /* [CP] Copy Pods Resources */,
			);
			buildRules = (
			);
			dependencies = (
			);
			name = ETReddit;
			productName = CurrencyExchange;
			productReference = 649E1D211D611A11009F75C8 /* ETReddit.app */;
			productType = "com.apple.product-type.application";
		};
/* End PBXNativeTarget section */

/* Begin PBXProject section */
		649E1D191D611A11009F75C8 /* Project object */ = {
			isa = PBXProject;
			attributes = {
				LastSwiftUpdateCheck = 0730;
				LastUpgradeCheck = 0730;
				ORGANIZATIONNAME = "Eduardo Rodriguez";
				TargetAttributes = {
					649E1D201D611A11009F75C8 = {
						CreatedOnToolsVersion = 7.3;
						LastSwiftMigration = 0800;
					};
				};
			};
			buildConfigurationList = 649E1D1C1D611A11009F75C8 /* Build configuration list for PBXProject "ETReddit" */;
			compatibilityVersion = "Xcode 3.2";
			developmentRegion = English;
			hasScannedForEncodings = 0;
			knownRegions = (
				en,
				Base,
			);
			mainGroup = 649E1D181D611A11009F75C8;
			productRefGroup = 649E1D221D611A11009F75C8 /* Products */;
			projectDirPath = "";
			projectRoot = "";
			targets = (
				649E1D201D611A11009F75C8 /* ETReddit */,
			);
		};
/* End PBXProject section */

/* Begin PBXResourcesBuildPhase section */
		649E1D1F1D611A11009F75C8 /* Resources */ = {
			isa = PBXResourcesBuildPhase;
			buildActionMask = 2147483647;
			files = (
				643C2F171DB17B5200921DAC /* KozGoPr6N-Bold.otf in Resources */,
				643C2F1A1DB17B5200921DAC /* KozGoPr6N-Medium.otf in Resources */,
				643C2F0D1DB17B5200921DAC /* LaunchScreen.storyboard in Resources */,
				643C2F1B1DB17B5200921DAC /* KozGoPr6N-Regular.otf in Resources */,
				643C2F181DB17B5200921DAC /* KozGoPr6N-Heavy.otf in Resources */,
				643C2F191DB17B5200921DAC /* KozGoPr6N-Light.otf in Resources */,
				643C2F0C1DB17B5200921DAC /* CountryCell.xib in Resources */,
				643C2F0B1DB17B5200921DAC /* Assets.xcassets in Resources */,
				643C2F1F1DB17B5200921DAC /* Info.plist in Resources */,
				643C2F0E1DB17B5200921DAC /* Main.storyboard in Resources */,
			);
			runOnlyForDeploymentPostprocessing = 0;
		};
/* End PBXResourcesBuildPhase section */

/* Begin PBXShellScriptBuildPhase section */
		630081B21AC454AC0A1650E9 /* [CP] Copy Pods Resources */ = {
			isa = PBXShellScriptBuildPhase;
			buildActionMask = 2147483647;
			files = (
			);
			inputPaths = (
			);
			name = "[CP] Copy Pods Resources";
			outputPaths = (
			);
			runOnlyForDeploymentPostprocessing = 0;
			shellPath = /bin/sh;
			shellScript = "\"${SRCROOT}/Pods/Target Support Files/Pods-ETReddit/Pods-ETReddit-resources.sh\"\n";
			showEnvVarsInLog = 0;
		};
		91520A90A8104B1B4B3F66C5 /* [CP] Check Pods Manifest.lock */ = {
			isa = PBXShellScriptBuildPhase;
			buildActionMask = 2147483647;
			files = (
			);
			inputPaths = (
			);
			name = "[CP] Check Pods Manifest.lock";
			outputPaths = (
			);
			runOnlyForDeploymentPostprocessing = 0;
			shellPath = /bin/sh;
			shellScript = "diff \"${PODS_ROOT}/../Podfile.lock\" \"${PODS_ROOT}/Manifest.lock\" > /dev/null\nif [ $? != 0 ] ; then\n    # print error to STDERR\n    echo \"error: The sandbox is not in sync with the Podfile.lock. Run 'pod install' or update your CocoaPods installation.\" >&2\n    exit 1\nfi\n";
			showEnvVarsInLog = 0;
		};
		E720E7C0436FDCCEE9CAB71E /* [CP] Embed Pods Frameworks */ = {
			isa = PBXShellScriptBuildPhase;
			buildActionMask = 2147483647;
			files = (
			);
			inputPaths = (
			);
			name = "[CP] Embed Pods Frameworks";
			outputPaths = (
			);
			runOnlyForDeploymentPostprocessing = 0;
			shellPath = /bin/sh;
			shellScript = "\"${SRCROOT}/Pods/Target Support Files/Pods-ETReddit/Pods-ETReddit-frameworks.sh\"\n";
			showEnvVarsInLog = 0;
		};
/* End PBXShellScriptBuildPhase section */

/* Begin PBXSourcesBuildPhase section */
		649E1D1D1D611A11009F75C8 /* Sources */ = {
			isa = PBXSourcesBuildPhase;
			buildActionMask = 2147483647;
			files = (
				643C2F141DB17B5200921DAC /* ModelTable.swift in Sources */,
				643C2F231DB17B5200921DAC /* Colors.swift in Sources */,
				643C2F151DB17B5200921DAC /* ExchangePresenter.swift in Sources */,
				643C2F241DB17B5200921DAC /* Date.swift in Sources */,
				643C2F1D1DB17B5200921DAC /* Constans.swift in Sources */,
				643C2F201DB17B5200921DAC /* LocalData.swift in Sources */,
				643C2F221DB17B5200921DAC /* ViewController.swift in Sources */,
				643C2F261DB17B5200921DAC /* Request.swift in Sources */,
				643C2F251DB17B5200921DAC /* Fonts.swift in Sources */,
				643C2F1E1DB17B5200921DAC /* URL.swift in Sources */,
				643C2F0F1DB17B5200921DAC /* DInjection.swift in Sources */,
				643C2F121DB17B5200921DAC /* ExchangeDatasource.swift in Sources */,
				643C2F131DB17B5200921DAC /* CountryCell.swift in Sources */,
				643C2F211DB17B5200921DAC /* AppDelegate.swift in Sources */,
				643C2F111DB17B5200921DAC /* RedditModel.swift in Sources */,
				643C2F101DB17B5200921DAC /* ExchangeInteractor.swift in Sources */,
				643C2F1C1DB17B5200921DAC /* Alias.swift in Sources */,
				643C2F161DB17B5200921DAC /* ExchangeVC.swift in Sources */,
			);
			runOnlyForDeploymentPostprocessing = 0;
		};
/* End PBXSourcesBuildPhase section */

/* Begin PBXVariantGroup section */
		643C2EDE1DB17B5200921DAC /* CountryCell.xib */ = {
			isa = PBXVariantGroup;
			children = (
				643C2EDF1DB17B5200921DAC /* Base */,
			);
			name = CountryCell.xib;
			sourceTree = "<group>";
		};
		643C2EE01DB17B5200921DAC /* LaunchScreen.storyboard */ = {
			isa = PBXVariantGroup;
			children = (
				643C2EE11DB17B5200921DAC /* Base */,
			);
			name = LaunchScreen.storyboard;
			sourceTree = "<group>";
		};
		643C2EE21DB17B5200921DAC /* Main.storyboard */ = {
			isa = PBXVariantGroup;
			children = (
				643C2EE31DB17B5200921DAC /* Base */,
			);
			name = Main.storyboard;
			sourceTree = "<group>";
		};
/* End PBXVariantGroup section */

/* Begin XCBuildConfiguration section */
		649E1D311D611A11009F75C8 /* Debug */ = {
			isa = XCBuildConfiguration;
			buildSettings = {
				ALWAYS_SEARCH_USER_PATHS = NO;
				CLANG_ANALYZER_NONNULL = YES;
				CLANG_CXX_LANGUAGE_STANDARD = "gnu++0x";
				CLANG_CXX_LIBRARY = "libc++";
				CLANG_ENABLE_MODULES = YES;
				CLANG_ENABLE_OBJC_ARC = YES;
				CLANG_WARN_BOOL_CONVERSION = YES;
				CLANG_WARN_CONSTANT_CONVERSION = YES;
				CLANG_WARN_DIRECT_OBJC_ISA_USAGE = YES_ERROR;
				CLANG_WARN_EMPTY_BODY = YES;
				CLANG_WARN_ENUM_CONVERSION = YES;
				CLANG_WARN_INT_CONVERSION = YES;
				CLANG_WARN_OBJC_ROOT_CLASS = YES_ERROR;
				CLANG_WARN_UNREACHABLE_CODE = YES;
				CLANG_WARN__DUPLICATE_METHOD_MATCH = YES;
				"CODE_SIGN_IDENTITY[sdk=iphoneos*]" = "iPhone Developer";
				COPY_PHASE_STRIP = NO;
				DEBUG_INFORMATION_FORMAT = dwarf;
				ENABLE_STRICT_OBJC_MSGSEND = YES;
				ENABLE_TESTABILITY = YES;
				GCC_C_LANGUAGE_STANDARD = gnu99;
				GCC_DYNAMIC_NO_PIC = NO;
				GCC_NO_COMMON_BLOCKS = YES;
				GCC_OPTIMIZATION_LEVEL = 0;
				GCC_PREPROCESSOR_DEFINITIONS = (
					"DEBUG=1",
					"$(inherited)",
				);
				GCC_WARN_64_TO_32_BIT_CONVERSION = YES;
				GCC_WARN_ABOUT_RETURN_TYPE = YES_ERROR;
				GCC_WARN_UNDECLARED_SELECTOR = YES;
				GCC_WARN_UNINITIALIZED_AUTOS = YES_AGGRESSIVE;
				GCC_WARN_UNUSED_FUNCTION = YES;
				GCC_WARN_UNUSED_VARIABLE = YES;
				IPHONEOS_DEPLOYMENT_TARGET = 9.3;
				MTL_ENABLE_DEBUG_INFO = YES;
				ONLY_ACTIVE_ARCH = YES;
				SDKROOT = iphoneos;
				SWIFT_OPTIMIZATION_LEVEL = "-Onone";
				TARGETED_DEVICE_FAMILY = "1,2";
			};
			name = Debug;
		};
		649E1D321D611A11009F75C8 /* Release */ = {
			isa = XCBuildConfiguration;
			buildSettings = {
				ALWAYS_SEARCH_USER_PATHS = NO;
				CLANG_ANALYZER_NONNULL = YES;
				CLANG_CXX_LANGUAGE_STANDARD = "gnu++0x";
				CLANG_CXX_LIBRARY = "libc++";
				CLANG_ENABLE_MODULES = YES;
				CLANG_ENABLE_OBJC_ARC = YES;
				CLANG_WARN_BOOL_CONVERSION = YES;
				CLANG_WARN_CONSTANT_CONVERSION = YES;
				CLANG_WARN_DIRECT_OBJC_ISA_USAGE = YES_ERROR;
				CLANG_WARN_EMPTY_BODY = YES;
				CLANG_WARN_ENUM_CONVERSION = YES;
				CLANG_WARN_INT_CONVERSION = YES;
				CLANG_WARN_OBJC_ROOT_CLASS = YES_ERROR;
				CLANG_WARN_UNREACHABLE_CODE = YES;
				CLANG_WARN__DUPLICATE_METHOD_MATCH = YES;
				"CODE_SIGN_IDENTITY[sdk=iphoneos*]" = "iPhone Developer";
				COPY_PHASE_STRIP = NO;
				DEBUG_INFORMATION_FORMAT = "dwarf-with-dsym";
				ENABLE_NS_ASSERTIONS = NO;
				ENABLE_STRICT_OBJC_MSGSEND = YES;
				GCC_C_LANGUAGE_STANDARD = gnu99;
				GCC_NO_COMMON_BLOCKS = YES;
				GCC_WARN_64_TO_32_BIT_CONVERSION = YES;
				GCC_WARN_ABOUT_RETURN_TYPE = YES_ERROR;
				GCC_WARN_UNDECLARED_SELECTOR = YES;
				GCC_WARN_UNINITIALIZED_AUTOS = YES_AGGRESSIVE;
				GCC_WARN_UNUSED_FUNCTION = YES;
				GCC_WARN_UNUSED_VARIABLE = YES;
				IPHONEOS_DEPLOYMENT_TARGET = 9.3;
				MTL_ENABLE_DEBUG_INFO = NO;
				SDKROOT = iphoneos;
				TARGETED_DEVICE_FAMILY = "1,2";
				VALIDATE_PRODUCT = YES;
			};
			name = Release;
		};
		649E1D341D611A11009F75C8 /* Debug */ = {
			isa = XCBuildConfiguration;
			baseConfigurationReference = B7A9A0E27E13F4C1B99F8064 /* Pods-ETReddit.debug.xcconfig */;
			buildSettings = {
				ASSETCATALOG_COMPILER_APPICON_NAME = AppIcon;
				ASSETCATALOG_COMPILER_LAUNCHIMAGE_NAME = "Brand Assets";
				INFOPLIST_FILE = Etermax/Info.plist;
				IPHONEOS_DEPLOYMENT_TARGET = 9.0;
				LD_RUNPATH_SEARCH_PATHS = "$(inherited) @executable_path/Frameworks";
				PRODUCT_BUNDLE_IDENTIFIER = co.ettest.etreddit;
				PRODUCT_NAME = "$(TARGET_NAME)";
				SWIFT_VERSION = 3.0;
			};
			name = Debug;
		};
		649E1D351D611A11009F75C8 /* Release */ = {
			isa = XCBuildConfiguration;
			baseConfigurationReference = F5B0B8A56D73FFE1F42A3C7E /* Pods-ETReddit.release.xcconfig */;
			buildSettings = {
				ASSETCATALOG_COMPILER_APPICON_NAME = AppIcon;
				ASSETCATALOG_COMPILER_LAUNCHIMAGE_NAME = "Brand Assets";
				INFOPLIST_FILE = Etermax/Info.plist;
				IPHONEOS_DEPLOYMENT_TARGET = 9.0;
				LD_RUNPATH_SEARCH_PATHS = "$(inherited) @executable_path/Frameworks";
				PRODUCT_BUNDLE_IDENTIFIER = co.ettest.etreddit;
				PRODUCT_NAME = "$(TARGET_NAME)";
				SWIFT_VERSION = 3.0;
			};
			name = Release;
		};
/* End XCBuildConfiguration section */

/* Begin XCConfigurationList section */
		649E1D1C1D611A11009F75C8 /* Build configuration list for PBXProject "ETReddit" */ = {
			isa = XCConfigurationList;
			buildConfigurations = (
				649E1D311D611A11009F75C8 /* Debug */,
				649E1D321D611A11009F75C8 /* Release */,
			);
			defaultConfigurationIsVisible = 0;
			defaultConfigurationName = Release;
		};
		649E1D331D611A11009F75C8 /* Build configuration list for PBXNativeTarget "ETReddit" */ = {
			isa = XCConfigurationList;
			buildConfigurations = (
				649E1D341D611A11009F75C8 /* Debug */,
				649E1D351D611A11009F75C8 /* Release */,
			);
			defaultConfigurationIsVisible = 0;
			defaultConfigurationName = Release;
		};
/* End XCConfigurationList section */
	};
	rootObject = 649E1D191D611A11009F75C8 /* Project object */;
}
